
Microsoft Visual Studio Solution File, Format Version 12.00
# Visual Studio Version 17
VisualStudioVersion = 17.4.33110.190
MinimumVisualStudioVersion = 10.0.40219.1
Project("{F2A71F9B-5D33-465A-A702-920D77279786}") = "IdentityApi", "IdentityApi\IdentityApi.fsproj", "{26E70ADB-2877-49C7-997C-1FB03DE48ABC}"
EndProject
Global
	GlobalSection(SolutionConfigurationPlatforms) = preSolution
		Debug|Any CPU = Debug|Any CPU
		Release|Any CPU = Release|Any CPU
	EndGlobalSection
	GlobalSection(ProjectConfigurationPlatforms) = postSolution
		{26E70ADB-2877-49C7-997C-1FB03DE48ABC}.Debug|Any CPU.ActiveCfg = Debug|Any CPU
		{26E70ADB-2877-49C7-997C-1FB03DE48ABC}.Debug|Any CPU.Build.0 = Debug|Any CPU
		{26E70ADB-2877-49C7-997C-1FB03DE48ABC}.Release|Any CPU.ActiveCfg = Release|Any CPU
		{26E70ADB-2877-49C7-997C-1FB03DE48ABC}.Release|Any CPU.Build.0 = Release|Any CPU
	EndGlobalSection
	GlobalSection(SolutionProperties) = preSolution
		HideSolutionNode = FALSE
	EndGlobalSection
	GlobalSection(ExtensibilityGlobals) = postSolution
		SolutionGuid = {CAB6018D-5349-44E1-A7B8-F372DF665EEC}
	EndGlobalSection
EndGlobal
